Microsoft Visual Studio Solution File, Format Version 11.00
# Visual Studio 2008

Project("{6BBDC5AE-3BE6-D2F1-B71E-246F7559CAA3}") = "IAmMonster", "Assembly-CSharp.csproj", "{AD40E8CD-75AB-66F5-4DD6-3F034E829260}"
EndProject
Global
	GlobalSection(SolutionConfigurationPlatforms) = preSolution
		Debug|Any CPU = Debug|Any CPU
		Release|Any CPU = Release|Any CPU
	EndGlobalSection
	GlobalSection(ProjectConfigurationPlatforms) = postSolution
		{AD40E8CD-75AB-66F5-4DD6-3F034E829260}.Debug|Any CPU.ActiveCfg = Debug|Any CPU
		{AD40E8CD-75AB-66F5-4DD6-3F034E829260}.Debug|Any CPU.Build.0 = Debug|Any CPU
		{AD40E8CD-75AB-66F5-4DD6-3F034E829260}.Release|Any CPU.ActiveCfg = Release|Any CPU
		{AD40E8CD-75AB-66F5-4DD6-3F034E829260}.Release|Any CPU.Build.0 = Release|Any CPU
	EndGlobalSection
	GlobalSection(SolutionProperties) = preSolution
		HideSolutionNode = FALSE
	EndGlobalSection
											GlobalSection(MonoDevelopProperties) = preSolution
		StartupItem = Assembly-CSharp.csproj
		Policies = $0
		$0.TextStylePolicy = $1
		$1.inheritsSet = null
		$1.scope = text/x-csharp
		$0.CSharpFormattingPolicy = $2
		$2.inheritsSet = Mono
		$2.inheritsScope = text/x-csharp
		$2.scope = text/x-csharp
		$0.TextStylePolicy = $3
		$3.FileWidth = 120
		$3.TabWidth = 4
		$3.IndentWidth = 4
		$3.EolMarker = Unix
		$3.inheritsSet = Mono
		$3.inheritsScope = text/plain
		$3.scope = text/plain
	EndGlobalSection

EndGlobal
